
Microsoft Visual Studio Solution File, Format Version 12.00
# Visual Studio Version 17
VisualStudioVersion = 17.2.32630.192
MinimumVisualStudioVersion = 10.0.40219.1
Project("{FAE04EC0-301F-11D3-BF4B-00C04F79EFBC}") = "ShortenerAplication", "ShortenerAplication\ShortenerAplication.csproj", "{3F13C76C-4BBF-4ADE-8780-30DFE9309CC6}"
EndProject
Global
	GlobalSection(SolutionConfigurationPlatforms) = preSolution
		Debug|Any CPU = Debug|Any CPU
		Release|Any CPU = Release|Any CPU
	EndGlobalSection
	GlobalSection(ProjectConfigurationPlatforms) = postSolution
		{3F13C76C-4BBF-4ADE-8780-30DFE9309CC6}.Debug|Any CPU.ActiveCfg = Debug|Any CPU
		{3F13C76C-4BBF-4ADE-8780-30DFE9309CC6}.Debug|Any CPU.Build.0 = Debug|Any CPU
		{3F13C76C-4BBF-4ADE-8780-30DFE9309CC6}.Release|Any CPU.ActiveCfg = Release|Any CPU
		{3F13C76C-4BBF-4ADE-8780-30DFE9309CC6}.Release|Any CPU.Build.0 = Release|Any CPU
	EndGlobalSection
	GlobalSection(SolutionProperties) = preSolution
		HideSolutionNode = FALSE
	EndGlobalSection
	GlobalSection(ExtensibilityGlobals) = postSolution
		SolutionGuid = {A338D224-5D70-4427-B02E-07940521AA6E}
	EndGlobalSection
EndGlobal
